
Microsoft Visual Studio Solution File, Format Version 12.00
# Visual Studio Version 17
VisualStudioVersion = 17.5.33627.172
MinimumVisualStudioVersion = 10.0.40219.1
Project("{FAE04EC0-301F-11D3-BF4B-00C04F79EFBC}") = "BankAccountAppp", "BankAccountAppp\BankAccountAppp.csproj", "{0AD7F17A-A01C-4CA1-97E4-BAA2722662E1}"
EndProject
Global
	GlobalSection(SolutionConfigurationPlatforms) = preSolution
		Debug|Any CPU = Debug|Any CPU
		Release|Any CPU = Release|Any CPU
	EndGlobalSection
	GlobalSection(ProjectConfigurationPlatforms) = postSolution
		{0AD7F17A-A01C-4CA1-97E4-BAA2722662E1}.Debug|Any CPU.ActiveCfg = Debug|Any CPU
		{0AD7F17A-A01C-4CA1-97E4-BAA2722662E1}.Debug|Any CPU.Build.0 = Debug|Any CPU
		{0AD7F17A-A01C-4CA1-97E4-BAA2722662E1}.Release|Any CPU.ActiveCfg = Release|Any CPU
		{0AD7F17A-A01C-4CA1-97E4-BAA2722662E1}.Release|Any CPU.Build.0 = Release|Any CPU
	EndGlobalSection
	GlobalSection(SolutionProperties) = preSolution
		HideSolutionNode = FALSE
	EndGlobalSection
	GlobalSection(ExtensibilityGlobals) = postSolution
		SolutionGuid = {8EB50CE1-B9D6-4A4F-BEC4-2C4B84958050}
	EndGlobalSection
EndGlobal
